
Microsoft Visual Studio Solution File, Format Version 12.00
# Visual Studio 2013
VisualStudioVersion = 12.0.31101.0
MinimumVisualStudioVersion = 10.0.40219.1
Project("{FAE04EC0-301F-11D3-BF4B-00C04F79EFBC}") = "MarkdownView", "MarkdownView\MarkdownView.csproj", "{951FC62B-585E-40AD-A6CD-0C7AE2159E2A}"
EndProject
Project("{FAE04EC0-301F-11D3-BF4B-00C04F79EFBC}") = "MarkdownView.Tests.Unit", "MarkdownView.Tests.Unit\MarkdownView.Tests.Unit.csproj", "{5A822F16-B817-410C-A227-07E3CBEE07C3}"
EndProject
Global
	GlobalSection(TeamFoundationVersionControl) = preSolution
		SccNumberOfProjects = 3
		SccEnterpriseProvider = {4CA58AB2-18FA-4F8D-95D4-32DDF27D184C}
		SccTeamFoundationServer = https://qujck.visualstudio.com/defaultcollection
		SccLocalPath0 = .
		SccProjectUniqueName1 = MarkdownView.Tests.Unit\\MarkdownView.Tests.Unit.csproj
		SccProjectName1 = MarkdownView.Tests.Unit
		SccLocalPath1 = MarkdownView.Tests.Unit
		SccProjectUniqueName2 = MarkdownView\\MarkdownView.csproj
		SccProjectName2 = MarkdownView
		SccLocalPath2 = MarkdownView
	EndGlobalSection
	GlobalSection(SolutionConfigurationPlatforms) = preSolution
		Debug|Any CPU = Debug|Any CPU
		Release|Any CPU = Release|Any CPU
	EndGlobalSection
	GlobalSection(ProjectConfigurationPlatforms) = postSolution
		{951FC62B-585E-40AD-A6CD-0C7AE2159E2A}.Debug|Any CPU.ActiveCfg = Debug|Any CPU
		{951FC62B-585E-40AD-A6CD-0C7AE2159E2A}.Debug|Any CPU.Build.0 = Debug|Any CPU
		{951FC62B-585E-40AD-A6CD-0C7AE2159E2A}.Release|Any CPU.ActiveCfg = Release|Any CPU
		{951FC62B-585E-40AD-A6CD-0C7AE2159E2A}.Release|Any CPU.Build.0 = Release|Any CPU
		{5A822F16-B817-410C-A227-07E3CBEE07C3}.Debug|Any CPU.ActiveCfg = Debug|Any CPU
		{5A822F16-B817-410C-A227-07E3CBEE07C3}.Debug|Any CPU.Build.0 = Debug|Any CPU
		{5A822F16-B817-410C-A227-07E3CBEE07C3}.Release|Any CPU.ActiveCfg = Release|Any CPU
		{5A822F16-B817-410C-A227-07E3CBEE07C3}.Release|Any CPU.Build.0 = Release|Any CPU
	EndGlobalSection
	GlobalSection(SolutionProperties) = preSolution
		HideSolutionNode = FALSE
	EndGlobalSection
EndGlobal
